// !$*UTF8*$!
{
	archiveVersion = 1;
	classes = {
	};
	objectVersion = 50;
	objects = {

/* Begin PBXBuildFile section */
		4219730D25A997FE0096DB8D /* NanumSquareRegular.ttf in Resources */ = {isa = PBXBuildFile; fileRef = 4219730B25A997CB0096DB8D /* NanumSquareRegular.ttf */; };
		4219730F25A998010096DB8D /* NanumSquareBold.ttf in Resources */ = {isa = PBXBuildFile; fileRef = 4219730C25A997E90096DB8D /* NanumSquareBold.ttf */; };
		4219731725A9ACAA0096DB8D /* SignInVC.swift in Sources */ = {isa = PBXBuildFile; fileRef = 4219731625A9ACAA0096DB8D /* SignInVC.swift */; };
		4219731B25A9ACB90096DB8D /* SignUpVC.swift in Sources */ = {isa = PBXBuildFile; fileRef = 4219731A25A9ACB90096DB8D /* SignUpVC.swift */; };
		4219731E25A9ACCE0096DB8D /* FindPW.swift in Sources */ = {isa = PBXBuildFile; fileRef = 4219731D25A9ACCE0096DB8D /* FindPW.swift */; };
		4268BE6D25A98041007FC407 /* NanumGothic.ttf in Resources */ = {isa = PBXBuildFile; fileRef = 4268BE6C25A98037007FC407 /* NanumGothic.ttf */; };
		7908492025A8384D00649CED /* AppDelegate.swift in Sources */ = {isa = PBXBuildFile; fileRef = 7908491F25A8384D00649CED /* AppDelegate.swift */; };
		7908492225A8384D00649CED /* SceneDelegate.swift in Sources */ = {isa = PBXBuildFile; fileRef = 7908492125A8384D00649CED /* SceneDelegate.swift */; };
		7908492425A8384D00649CED /* LoginVC.swift in Sources */ = {isa = PBXBuildFile; fileRef = 7908492325A8384D00649CED /* LoginVC.swift */; };
		7908492725A8384D00649CED /* Main.storyboard in Resources */ = {isa = PBXBuildFile; fileRef = 7908492525A8384D00649CED /* Main.storyboard */; };
		7908492925A8385000649CED /* Assets.xcassets in Resources */ = {isa = PBXBuildFile; fileRef = 7908492825A8385000649CED /* Assets.xcassets */; };
		7908492C25A8385000649CED /* LaunchScreen.storyboard in Resources */ = {isa = PBXBuildFile; fileRef = 7908492A25A8385000649CED /* LaunchScreen.storyboard */; };
/* End PBXBuildFile section */

/* Begin PBXFileReference section */
		4219730B25A997CB0096DB8D /* NanumSquareRegular.ttf */ = {isa = PBXFileReference; lastKnownFileType = file; path = NanumSquareRegular.ttf; sourceTree = "<group>"; };
		4219730C25A997E90096DB8D /* NanumSquareBold.ttf */ = {isa = PBXFileReference; lastKnownFileType = file; path = NanumSquareBold.ttf; sourceTree = "<group>"; };
		4219731625A9ACAA0096DB8D /* SignInVC.swift */ = {isa = PBXFileReference; lastKnownFileType = sourcecode.swift; path = SignInVC.swift; sourceTree = "<group>"; };
		4219731A25A9ACB90096DB8D /* SignUpVC.swift */ = {isa = PBXFileReference; lastKnownFileType = sourcecode.swift; path = SignUpVC.swift; sourceTree = "<group>"; };
		4219731D25A9ACCE0096DB8D /* FindPW.swift */ = {isa = PBXFileReference; lastKnownFileType = sourcecode.swift; path = FindPW.swift; sourceTree = "<group>"; };
		4268BE6C25A98037007FC407 /* NanumGothic.ttf */ = {isa = PBXFileReference; lastKnownFileType = file; path = NanumGothic.ttf; sourceTree = "<group>"; };
		7908491C25A8384D00649CED /* TravelogueStudy.app */ = {isa = PBXFileReference; explicitFileType = wrapper.application; includeInIndex = 0; path = TravelogueStudy.app; sourceTree = BUILT_PRODUCTS_DIR; };
		7908491F25A8384D00649CED /* AppDelegate.swift */ = {isa = PBXFileReference; lastKnownFileType = sourcecode.swift; path = AppDelegate.swift; sourceTree = "<group>"; };
		7908492125A8384D00649CED /* SceneDelegate.swift */ = {isa = PBXFileReference; lastKnownFileType = sourcecode.swift; path = SceneDelegate.swift; sourceTree = "<group>"; };
		7908492325A8384D00649CED /* LoginVC.swift */ = {isa = PBXFileReference; lastKnownFileType = sourcecode.swift; path = LoginVC.swift; sourceTree = "<group>"; };
		7908492625A8384D00649CED /* Base */ = {isa = PBXFileReference; lastKnownFileType = file.storyboard; name = Base; path = Base.lproj/Main.storyboard; sourceTree = "<group>"; };
		7908492825A8385000649CED /* Assets.xcassets */ = {isa = PBXFileReference; lastKnownFileType = folder.assetcatalog; path = Assets.xcassets; sourceTree = "<group>"; };
		7908492B25A8385000649CED /* Base */ = {isa = PBXFileReference; lastKnownFileType = file.storyboard; name = Base; path = Base.lproj/LaunchScreen.storyboard; sourceTree = "<group>"; };
		7908492D25A8385000649CED /* Info.plist */ = {isa = PBXFileReference; lastKnownFileType = text.plist.xml; path = Info.plist; sourceTree = "<group>"; };
/* End PBXFileReference section */

/* Begin PBXFrameworksBuildPhase section */
		7908491925A8384D00649CED /* Frameworks */ = {
			isa = PBXFrameworksBuildPhase;
			buildActionMask = 2147483647;
			files = (
			);
			runOnlyForDeploymentPostprocessing = 0;
		};
/* End PBXFrameworksBuildPhase section */

/* Begin PBXGroup section */
		4219731425A9AC5C0096DB8D /* VC */ = {
			isa = PBXGroup;
			children = (
				7908492325A8384D00649CED /* LoginVC.swift */,
				4219731625A9ACAA0096DB8D /* SignInVC.swift */,
				4219731A25A9ACB90096DB8D /* SignUpVC.swift */,
				4219731D25A9ACCE0096DB8D /* FindPW.swift */,
			);
			path = VC;
			sourceTree = "<group>";
		};
		4219731525A9AC690096DB8D /* Font */ = {
			isa = PBXGroup;
			children = (
				4268BE6C25A98037007FC407 /* NanumGothic.ttf */,
				4219730B25A997CB0096DB8D /* NanumSquareRegular.ttf */,
				4219730C25A997E90096DB8D /* NanumSquareBold.ttf */,
			);
			path = Font;
			sourceTree = "<group>";
		};
		7908491325A8384D00649CED = {
			isa = PBXGroup;
			children = (
				7908491E25A8384D00649CED /* TravelogueStudy */,
				7908491D25A8384D00649CED /* Products */,
			);
			sourceTree = "<group>";
		};
		7908491D25A8384D00649CED /* Products */ = {
			isa = PBXGroup;
			children = (
				7908491C25A8384D00649CED /* TravelogueStudy.app */,
			);
			name = Products;
			sourceTree = "<group>";
		};
		7908491E25A8384D00649CED /* TravelogueStudy */ = {
			isa = PBXGroup;
			children = (
				7908491F25A8384D00649CED /* AppDelegate.swift */,
				7908492125A8384D00649CED /* SceneDelegate.swift */,
				7908492525A8384D00649CED /* Main.storyboard */,
				7908492825A8385000649CED /* Assets.xcassets */,
				7908492A25A8385000649CED /* LaunchScreen.storyboard */,
				7908492D25A8385000649CED /* Info.plist */,
				4219731525A9AC690096DB8D /* Font */,
				4219731425A9AC5C0096DB8D /* VC */,
			);
			path = TravelogueStudy;
			sourceTree = "<group>";
		};
/* End PBXGroup section */

/* Begin PBXNativeTarget section */
		7908491B25A8384D00649CED /* TravelogueStudy */ = {
			isa = PBXNativeTarget;
			buildConfigurationList = 7908493025A8385000649CED /* Build configuration list for PBXNativeTarget "TravelogueStudy" */;
			buildPhases = (
				7908491825A8384D00649CED /* Sources */,
				7908491925A8384D00649CED /* Frameworks */,
				7908491A25A8384D00649CED /* Resources */,
			);
			buildRules = (
			);
			dependencies = (
			);
			name = TravelogueStudy;
			productName = TravelogueStudy;
			productReference = 7908491C25A8384D00649CED /* TravelogueStudy.app */;
			productType = "com.apple.product-type.application";
		};
/* End PBXNativeTarget section */

/* Begin PBXProject section */
		7908491425A8384D00649CED /* Project object */ = {
			isa = PBXProject;
			attributes = {
				LastSwiftUpdateCheck = 1230;
				LastUpgradeCheck = 1230;
				TargetAttributes = {
					7908491B25A8384D00649CED = {
						CreatedOnToolsVersion = 12.3;
					};
				};
			};
			buildConfigurationList = 7908491725A8384D00649CED /* Build configuration list for PBXProject "TravelogueStudy" */;
			compatibilityVersion = "Xcode 9.3";
			developmentRegion = en;
			hasScannedForEncodings = 0;
			knownRegions = (
				en,
				Base,
			);
			mainGroup = 7908491325A8384D00649CED;
			productRefGroup = 7908491D25A8384D00649CED /* Products */;
			projectDirPath = "";
			projectRoot = "";
			targets = (
				7908491B25A8384D00649CED /* TravelogueStudy */,
			);
		};
/* End PBXProject section */

/* Begin PBXResourcesBuildPhase section */
		7908491A25A8384D00649CED /* Resources */ = {
			isa = PBXResourcesBuildPhase;
			buildActionMask = 2147483647;
			files = (
				4219730D25A997FE0096DB8D /* NanumSquareRegular.ttf in Resources */,
				4268BE6D25A98041007FC407 /* NanumGothic.ttf in Resources */,
				7908492C25A8385000649CED /* LaunchScreen.storyboard in Resources */,
				7908492925A8385000649CED /* Assets.xcassets in Resources */,
				4219730F25A998010096DB8D /* NanumSquareBold.ttf in Resources */,
				7908492725A8384D00649CED /* Main.storyboard in Resources */,
			);
			runOnlyForDeploymentPostprocessing = 0;
		};
/* End PBXResourcesBuildPhase section */

/* Begin PBXSourcesBuildPhase section */
		7908491825A8384D00649CED /* Sources */ = {
			isa = PBXSourcesBuildPhase;
			buildActionMask = 2147483647;
			files = (
				7908492425A8384D00649CED /* LoginVC.swift in Sources */,
				4219731E25A9ACCE0096DB8D /* FindPW.swift in Sources */,
				7908492025A8384D00649CED /* AppDelegate.swift in Sources */,
				4219731725A9ACAA0096DB8D /* SignInVC.swift in Sources */,
				4219731B25A9ACB90096DB8D /* SignUpVC.swift in Sources */,
				7908492225A8384D00649CED /* SceneDelegate.swift in Sources */,
			);
			runOnlyForDeploymentPostprocessing = 0;
		};
/* End PBXSourcesBuildPhase section */

/* Begin PBXVariantGroup section */
		7908492525A8384D00649CED /* Main.storyboard */ = {
			isa = PBXVariantGroup;
			children = (
				7908492625A8384D00649CED /* Base */,
			);
			name = Main.storyboard;
			sourceTree = "<group>";
		};
		7908492A25A8385000649CED /* LaunchScreen.storyboard */ = {
			isa = PBXVariantGroup;
			children = (
				7908492B25A8385000649CED /* Base */,
			);
			name = LaunchScreen.storyboard;
			sourceTree = "<group>";
		};
/* End PBXVariantGroup section */

/* Begin XCBuildConfiguration section */
		7908492E25A8385000649CED /* Debug */ = {
			isa = XCBuildConfiguration;
			buildSettings = {
				ALWAYS_SEARCH_USER_PATHS = NO;
				CLANG_ANALYZER_NONNULL = YES;
				CLANG_ANALYZER_NUMBER_OBJECT_CONVERSION = YES_AGGRESSIVE;
				CLANG_CXX_LANGUAGE_STANDARD = "gnu++14";
				CLANG_CXX_LIBRARY = "libc++";
				CLANG_ENABLE_MODULES = YES;
				CLANG_ENABLE_OBJC_ARC = YES;
				CLANG_ENABLE_OBJC_WEAK = YES;
				CLANG_WARN_BLOCK_CAPTURE_AUTORELEASING = YES;
				CLANG_WARN_BOOL_CONVERSION = YES;
				CLANG_WARN_COMMA = YES;
				CLANG_WARN_CONSTANT_CONVERSION = YES;
				CLANG_WARN_DEPRECATED_OBJC_IMPLEMENTATIONS = YES;
				CLANG_WARN_DIRECT_OBJC_ISA_USAGE = YES_ERROR;
				CLANG_WARN_DOCUMENTATION_COMMENTS = YES;
				CLANG_WARN_EMPTY_BODY = YES;
				CLANG_WARN_ENUM_CONVERSION = YES;
				CLANG_WARN_INFINITE_RECURSION = YES;
				CLANG_WARN_INT_CONVERSION = YES;
				CLANG_WARN_NON_LITERAL_NULL_CONVERSION = YES;
				CLANG_WARN_OBJC_IMPLICIT_RETAIN_SELF = YES;
				CLANG_WARN_OBJC_LITERAL_CONVERSION = YES;
				CLANG_WARN_OBJC_ROOT_CLASS = YES_ERROR;
				CLANG_WARN_QUOTED_INCLUDE_IN_FRAMEWORK_HEADER = YES;
				CLANG_WARN_RANGE_LOOP_ANALYSIS = YES;
				CLANG_WARN_STRICT_PROTOTYPES = YES;
				CLANG_WARN_SUSPICIOUS_MOVE = YES;
				CLANG_WARN_UNGUARDED_AVAILABILITY = YES_AGGRESSIVE;
				CLANG_WARN_UNREACHABLE_CODE = YES;
				CLANG_WARN__DUPLICATE_METHOD_MATCH = YES;
				COPY_PHASE_STRIP = NO;
				DEBUG_INFORMATION_FORMAT = dwarf;
				ENABLE_STRICT_OBJC_MSGSEND = YES;
				ENABLE_TESTABILITY = YES;
				GCC_C_LANGUAGE_STANDARD = gnu11;
				GCC_DYNAMIC_NO_PIC = NO;
				GCC_NO_COMMON_BLOCKS = YES;
				GCC_OPTIMIZATION_LEVEL = 0;
				GCC_PREPROCESSOR_DEFINITIONS = (
					"DEBUG=1",
					"$(inherited)",
				);
				GCC_WARN_64_TO_32_BIT_CONVERSION = YES;
				GCC_WARN_ABOUT_RETURN_TYPE = YES_ERROR;
				GCC_WARN_UNDECLARED_SELECTOR = YES;
				GCC_WARN_UNINITIALIZED_AUTOS = YES_AGGRESSIVE;
				GCC_WARN_UNUSED_FUNCTION = YES;
				GCC_WARN_UNUSED_VARIABLE = YES;
				IPHONEOS_DEPLOYMENT_TARGET = 14.2;
				MTL_ENABLE_DEBUG_INFO = INCLUDE_SOURCE;
				MTL_FAST_MATH = YES;
				ONLY_ACTIVE_ARCH = YES;
				SDKROOT = iphoneos;
				SWIFT_ACTIVE_COMPILATION_CONDITIONS = DEBUG;
				SWIFT_OPTIMIZATION_LEVEL = "-Onone";
			};
			name = Debug;
		};
		7908492F25A8385000649CED /* Release */ = {
			isa = XCBuildConfiguration;
			buildSettings = {
				ALWAYS_SEARCH_USER_PATHS = NO;
				CLANG_ANALYZER_NONNULL = YES;
				CLANG_ANALYZER_NUMBER_OBJECT_CONVERSION = YES_AGGRESSIVE;
				CLANG_CXX_LANGUAGE_STANDARD = "gnu++14";
				CLANG_CXX_LIBRARY = "libc++";
				CLANG_ENABLE_MODULES = YES;
				CLANG_ENABLE_OBJC_ARC = YES;
				CLANG_ENABLE_OBJC_WEAK = YES;
				CLANG_WARN_BLOCK_CAPTURE_AUTORELEASING = YES;
				CLANG_WARN_BOOL_CONVERSION = YES;
				CLANG_WARN_COMMA = YES;
				CLANG_WARN_CONSTANT_CONVERSION = YES;
				CLANG_WARN_DEPRECATED_OBJC_IMPLEMENTATIONS = YES;
				CLANG_WARN_DIRECT_OBJC_ISA_USAGE = YES_ERROR;
				CLANG_WARN_DOCUMENTATION_COMMENTS = YES;
				CLANG_WARN_EMPTY_BODY = YES;
				CLANG_WARN_ENUM_CONVERSION = YES;
				CLANG_WARN_INFINITE_RECURSION = YES;
				CLANG_WARN_INT_CONVERSION = YES;
				CLANG_WARN_NON_LITERAL_NULL_CONVERSION = YES;
				CLANG_WARN_OBJC_IMPLICIT_RETAIN_SELF = YES;
				CLANG_WARN_OBJC_LITERAL_CONVERSION = YES;
				CLANG_WARN_OBJC_ROOT_CLASS = YES_ERROR;
				CLANG_WARN_QUOTED_INCLUDE_IN_FRAMEWORK_HEADER = YES;
				CLANG_WARN_RANGE_LOOP_ANALYSIS = YES;
				CLANG_WARN_STRICT_PROTOTYPES = YES;
				CLANG_WARN_SUSPICIOUS_MOVE = YES;
				CLANG_WARN_UNGUARDED_AVAILABILITY = YES_AGGRESSIVE;
				CLANG_WARN_UNREACHABLE_CODE = YES;
				CLANG_WARN__DUPLICATE_METHOD_MATCH = YES;
				COPY_PHASE_STRIP = NO;
				DEBUG_INFORMATION_FORMAT = "dwarf-with-dsym";
				ENABLE_NS_ASSERTIONS = NO;
				ENABLE_STRICT_OBJC_MSGSEND = YES;
				GCC_C_LANGUAGE_STANDARD = gnu11;
				GCC_NO_COMMON_BLOCKS = YES;
				GCC_WARN_64_TO_32_BIT_CONVERSION = YES;
				GCC_WARN_ABOUT_RETURN_TYPE = YES_ERROR;
				GCC_WARN_UNDECLARED_SELECTOR = YES;
				GCC_WARN_UNINITIALIZED_AUTOS = YES_AGGRESSIVE;
				GCC_WARN_UNUSED_FUNCTION = YES;
				GCC_WARN_UNUSED_VARIABLE = YES;
				IPHONEOS_DEPLOYMENT_TARGET = 14.2;
				MTL_ENABLE_DEBUG_INFO = NO;
				MTL_FAST_MATH = YES;
				SDKROOT = iphoneos;
				SWIFT_COMPILATION_MODE = wholemodule;
				SWIFT_OPTIMIZATION_LEVEL = "-O";
				VALIDATE_PRODUCT = YES;
			};
			name = Release;
		};
		7908493125A8385000649CED /* Debug */ = {
			isa = XCBuildConfiguration;
			buildSettings = {
				ASSETCATALOG_COMPILER_APPICON_NAME = AppIcon;
				ASSETCATALOG_COMPILER_GLOBAL_ACCENT_COLOR_NAME = AccentColor;
				CODE_SIGN_STYLE = Automatic;
				DEVELOPMENT_TEAM = H7746RVFJ9;
				INFOPLIST_FILE = TravelogueStudy/Info.plist;
				IPHONEOS_DEPLOYMENT_TARGET = 14.2;
				LD_RUNPATH_SEARCH_PATHS = (
					"$(inherited)",
					"@executable_path/Frameworks",
				);
				PRODUCT_BUNDLE_IDENTIFIER = kr.xoul.TestCollectionView;
				PRODUCT_NAME = "$(TARGET_NAME)";
				SWIFT_VERSION = 5.0;
				TARGETED_DEVICE_FAMILY = 1;
			};
			name = Debug;
		};
		7908493225A8385000649CED /* Release */ = {
			isa = XCBuildConfiguration;
			buildSettings = {
				ASSETCATALOG_COMPILER_APPICON_NAME = AppIcon;
				ASSETCATALOG_COMPILER_GLOBAL_ACCENT_COLOR_NAME = AccentColor;
				CODE_SIGN_STYLE = Automatic;
				DEVELOPMENT_TEAM = H7746RVFJ9;
				INFOPLIST_FILE = TravelogueStudy/Info.plist;
				IPHONEOS_DEPLOYMENT_TARGET = 14.2;
				LD_RUNPATH_SEARCH_PATHS = (
					"$(inherited)",
					"@executable_path/Frameworks",
				);
				PRODUCT_BUNDLE_IDENTIFIER = kr.xoul.TestCollectionView;
				PRODUCT_NAME = "$(TARGET_NAME)";
				SWIFT_VERSION = 5.0;
				TARGETED_DEVICE_FAMILY = 1;
			};
			name = Release;
		};
/* End XCBuildConfiguration section */

/* Begin XCConfigurationList section */
		7908491725A8384D00649CED /* Build configuration list for PBXProject "TravelogueStudy" */ = {
			isa = XCConfigurationList;
			buildConfigurations = (
				7908492E25A8385000649CED /* Debug */,
				7908492F25A8385000649CED /* Release */,
			);
			defaultConfigurationIsVisible = 0;
			defaultConfigurationName = Release;
		};
		7908493025A8385000649CED /* Build configuration list for PBXNativeTarget "TravelogueStudy" */ = {
			isa = XCConfigurationList;
			buildConfigurations = (
				7908493125A8385000649CED /* Debug */,
				7908493225A8385000649CED /* Release */,
			);
			defaultConfigurationIsVisible = 0;
			defaultConfigurationName = Release;
		};
/* End XCConfigurationList section */
	};
	rootObject = 7908491425A8384D00649CED /* Project object */;
}
